schema: '2.0'
stages:
  prepare:
    cmd: python src/data/make_dataset.py
    deps:
    - path: data/raw
      hash: md5
      md5: 90c3e04bb8fa1558eb70f9096b5b6010.dir
      size: 31082914
      nfiles: 4
    - path: src/data/make_dataset.py
      hash: md5
      md5: 8e665e377928ed66c509d2e1d141590d
      size: 8710
      isexec: true
    outs:
    - path: data/preprocessed
      hash: md5
      md5: b05d396d18541511fb068c2c3a03c865.dir
      size: 5663365
      nfiles: 4
  train:
    cmd: python src/models/train_model.py
    deps:
    - path: data/preprocessed
      hash: md5
      md5: b05d396d18541511fb068c2c3a03c865.dir
      size: 5663365
      nfiles: 4
    - path: src/models/train_model.py
      hash: md5
      md5: ed42b52673dfa988ad2c5a88991dba9d
      size: 901
    outs:
    - path: models/trained_model.joblib
      hash: md5
      md5: 763feafceb29d2df31f533530ee0f9e4
      size: 203976313
  evaluation:
    cmd: python src/models/evaluate_model.py
    deps:
    - path: models/trained_model.joblib
      hash: md5
      md5: 763feafceb29d2df31f533530ee0f9e4
      size: 203976313
    - path: src/models/evaluate_model.py
      hash: md5
      md5: fec73a70da49c30e077d0aad7ec5580b
      size: 901
    outs:
    - path: metrics/accuracy.json
      hash: md5
      md5: 76b28777fc15ddb5994e73b31d3699f9
      size: 32
